
Microsoft Visual Studio Solution File, Format Version 12.00
# Visual Studio Version 17
VisualStudioVersion = 17.11.35327.3
MinimumVisualStudioVersion = 10.0.40219.1
Project("{FAE04EC0-301F-11D3-BF4B-00C04F79EFBC}") = "task1", "task1\task1.csproj", "{BC7EE2CE-C697-49A4-8C01-323EE4DD2625}"
EndProject
Project("{FAE04EC0-301F-11D3-BF4B-00C04F79EFBC}") = "task2", "task2\task2.csproj", "{391AFC0F-FDDB-4B31-967F-C5A3864411C6}"
EndProject
Project("{FAE04EC0-301F-11D3-BF4B-00C04F79EFBC}") = "task3", "task3\task3.csproj", "{E20E6389-A828-4CB8-B544-6ED051A8A0EA}"
EndProject
Project("{FAE04EC0-301F-11D3-BF4B-00C04F79EFBC}") = "task4", "task4\task4.csproj", "{841F6E28-A39A-45A2-9577-F8F3523FFCBC}"
EndProject
Global
	GlobalSection(SolutionConfigurationPlatforms) = preSolution
		Debug|Any CPU = Debug|Any CPU
		Release|Any CPU = Release|Any CPU
	EndGlobalSection
	GlobalSection(ProjectConfigurationPlatforms) = postSolution
		{BC7EE2CE-C697-49A4-8C01-323EE4DD2625}.Debug|Any CPU.ActiveCfg = Debug|Any CPU
		{BC7EE2CE-C697-49A4-8C01-323EE4DD2625}.Debug|Any CPU.Build.0 = Debug|Any CPU
		{BC7EE2CE-C697-49A4-8C01-323EE4DD2625}.Release|Any CPU.ActiveCfg = Release|Any CPU
		{BC7EE2CE-C697-49A4-8C01-323EE4DD2625}.Release|Any CPU.Build.0 = Release|Any CPU
		{391AFC0F-FDDB-4B31-967F-C5A3864411C6}.Debug|Any CPU.ActiveCfg = Debug|Any CPU
		{391AFC0F-FDDB-4B31-967F-C5A3864411C6}.Debug|Any CPU.Build.0 = Debug|Any CPU
		{391AFC0F-FDDB-4B31-967F-C5A3864411C6}.Release|Any CPU.ActiveCfg = Release|Any CPU
		{391AFC0F-FDDB-4B31-967F-C5A3864411C6}.Release|Any CPU.Build.0 = Release|Any CPU
		{E20E6389-A828-4CB8-B544-6ED051A8A0EA}.Debug|Any CPU.ActiveCfg = Debug|Any CPU
		{E20E6389-A828-4CB8-B544-6ED051A8A0EA}.Debug|Any CPU.Build.0 = Debug|Any CPU
		{E20E6389-A828-4CB8-B544-6ED051A8A0EA}.Release|Any CPU.ActiveCfg = Release|Any CPU
		{E20E6389-A828-4CB8-B544-6ED051A8A0EA}.Release|Any CPU.Build.0 = Release|Any CPU
		{841F6E28-A39A-45A2-9577-F8F3523FFCBC}.Debug|Any CPU.ActiveCfg = Debug|Any CPU
		{841F6E28-A39A-45A2-9577-F8F3523FFCBC}.Debug|Any CPU.Build.0 = Debug|Any CPU
		{841F6E28-A39A-45A2-9577-F8F3523FFCBC}.Release|Any CPU.ActiveCfg = Release|Any CPU
		{841F6E28-A39A-45A2-9577-F8F3523FFCBC}.Release|Any CPU.Build.0 = Release|Any CPU
	EndGlobalSection
	GlobalSection(SolutionProperties) = preSolution
		HideSolutionNode = FALSE
	EndGlobalSection
	GlobalSection(ExtensibilityGlobals) = postSolution
		SolutionGuid = {B1AEFEF9-2CE2-40A3-8985-844AB7763768}
	EndGlobalSection
EndGlobal
