
Microsoft Visual Studio Solution File, Format Version 12.00
# Visual Studio Version 17
VisualStudioVersion = 17.11.35327.3
MinimumVisualStudioVersion = 10.0.40219.1
Project("{FAE04EC0-301F-11D3-BF4B-00C04F79EFBC}") = "task1", "task1\task1.csproj", "{246E3AB7-A7C0-47E8-B603-7F00819015E1}"
EndProject
Project("{FAE04EC0-301F-11D3-BF4B-00C04F79EFBC}") = "task2", "task2\task2.csproj", "{0DD7D0AE-07D1-4185-B578-DF227B49F671}"
EndProject
Project("{FAE04EC0-301F-11D3-BF4B-00C04F79EFBC}") = "task3", "task3\task3.csproj", "{C9D7715C-CBF4-4E2D-83F4-D73E9792846B}"
EndProject
Global
	GlobalSection(SolutionConfigurationPlatforms) = preSolution
		Debug|Any CPU = Debug|Any CPU
		Release|Any CPU = Release|Any CPU
	EndGlobalSection
	GlobalSection(ProjectConfigurationPlatforms) = postSolution
		{246E3AB7-A7C0-47E8-B603-7F00819015E1}.Debug|Any CPU.ActiveCfg = Debug|Any CPU
		{246E3AB7-A7C0-47E8-B603-7F00819015E1}.Debug|Any CPU.Build.0 = Debug|Any CPU
		{246E3AB7-A7C0-47E8-B603-7F00819015E1}.Release|Any CPU.ActiveCfg = Release|Any CPU
		{246E3AB7-A7C0-47E8-B603-7F00819015E1}.Release|Any CPU.Build.0 = Release|Any CPU
		{0DD7D0AE-07D1-4185-B578-DF227B49F671}.Debug|Any CPU.ActiveCfg = Debug|Any CPU
		{0DD7D0AE-07D1-4185-B578-DF227B49F671}.Debug|Any CPU.Build.0 = Debug|Any CPU
		{0DD7D0AE-07D1-4185-B578-DF227B49F671}.Release|Any CPU.ActiveCfg = Release|Any CPU
		{0DD7D0AE-07D1-4185-B578-DF227B49F671}.Release|Any CPU.Build.0 = Release|Any CPU
		{C9D7715C-CBF4-4E2D-83F4-D73E9792846B}.Debug|Any CPU.ActiveCfg = Debug|Any CPU
		{C9D7715C-CBF4-4E2D-83F4-D73E9792846B}.Debug|Any CPU.Build.0 = Debug|Any CPU
		{C9D7715C-CBF4-4E2D-83F4-D73E9792846B}.Release|Any CPU.ActiveCfg = Release|Any CPU
		{C9D7715C-CBF4-4E2D-83F4-D73E9792846B}.Release|Any CPU.Build.0 = Release|Any CPU
	EndGlobalSection
	GlobalSection(SolutionProperties) = preSolution
		HideSolutionNode = FALSE
	EndGlobalSection
	GlobalSection(ExtensibilityGlobals) = postSolution
		SolutionGuid = {49402F72-FE28-43F9-8591-9A4AE817B5F4}
	EndGlobalSection
EndGlobal
