
Microsoft Visual Studio Solution File, Format Version 12.00
# Visual Studio Version 17
VisualStudioVersion = 17.11.35327.3
MinimumVisualStudioVersion = 10.0.40219.1
Project("{FAE04EC0-301F-11D3-BF4B-00C04F79EFBC}") = "task1", "task1\task1.csproj", "{BD51BD10-A005-4568-A03D-92C89C226E72}"
EndProject
Project("{FAE04EC0-301F-11D3-BF4B-00C04F79EFBC}") = "task2", "task2\task2.csproj", "{29D42272-AA47-4DD5-9BF4-BE651EC0DED6}"
EndProject
Global
	GlobalSection(SolutionConfigurationPlatforms) = preSolution
		Debug|Any CPU = Debug|Any CPU
		Release|Any CPU = Release|Any CPU
	EndGlobalSection
	GlobalSection(ProjectConfigurationPlatforms) = postSolution
		{BD51BD10-A005-4568-A03D-92C89C226E72}.Debug|Any CPU.ActiveCfg = Debug|Any CPU
		{BD51BD10-A005-4568-A03D-92C89C226E72}.Debug|Any CPU.Build.0 = Debug|Any CPU
		{BD51BD10-A005-4568-A03D-92C89C226E72}.Release|Any CPU.ActiveCfg = Release|Any CPU
		{BD51BD10-A005-4568-A03D-92C89C226E72}.Release|Any CPU.Build.0 = Release|Any CPU
		{29D42272-AA47-4DD5-9BF4-BE651EC0DED6}.Debug|Any CPU.ActiveCfg = Debug|Any CPU
		{29D42272-AA47-4DD5-9BF4-BE651EC0DED6}.Debug|Any CPU.Build.0 = Debug|Any CPU
		{29D42272-AA47-4DD5-9BF4-BE651EC0DED6}.Release|Any CPU.ActiveCfg = Release|Any CPU
		{29D42272-AA47-4DD5-9BF4-BE651EC0DED6}.Release|Any CPU.Build.0 = Release|Any CPU
	EndGlobalSection
	GlobalSection(SolutionProperties) = preSolution
		HideSolutionNode = FALSE
	EndGlobalSection
	GlobalSection(ExtensibilityGlobals) = postSolution
		SolutionGuid = {76048BA0-153F-430A-816C-CE873F0493B8}
	EndGlobalSection
EndGlobal
